
Microsoft Visual Studio Solution File, Format Version 12.00
# Visual Studio Version 17
VisualStudioVersion = 17.9.34714.143
MinimumVisualStudioVersion = 10.0.40219.1
Project("{9A19103F-16F7-4668-BE54-9A1E7A4F7556}") = "NutsShop-Presentation", "NutsShop-Presentation\NutsShop-Presentation.csproj", "{1AF0E0D7-64DF-439F-A166-2F15BADAC480}"
	ProjectSection(ProjectDependencies) = postProject
		{22141020-B4EC-4ADF-9744-52B0757A7500} = {22141020-B4EC-4ADF-9744-52B0757A7500}
		{26D0806A-31F2-4FA7-ACE1-CFB773BB0E04} = {26D0806A-31F2-4FA7-ACE1-CFB773BB0E04}
		{5A4344EB-4284-493B-8732-47E67A2F946B} = {5A4344EB-4284-493B-8732-47E67A2F946B}
	EndProjectSection
EndProject
Project("{2150E333-8FDC-42A3-9474-1A3956D46DE8}") = "1-Domain", "1-Domain", "{BBFD2B9D-5F1F-47FA-8CEA-C1829F9AB786}"
EndProject
Project("{2150E333-8FDC-42A3-9474-1A3956D46DE8}") = "2-Application", "2-Application", "{C7693630-DD5F-420F-B4FB-DFF67C728F2E}"
EndProject
Project("{2150E333-8FDC-42A3-9474-1A3956D46DE8}") = "3-Infrastructure", "3-Infrastructure", "{D87E8A62-3258-4ECC-AD00-1739FDF3D390}"
EndProject
Project("{2150E333-8FDC-42A3-9474-1A3956D46DE8}") = "4-Presentation", "4-Presentation", "{6912CC8C-2EAB-468E-B232-237F168713CD}"
EndProject
Project("{FAE04EC0-301F-11D3-BF4B-00C04F79EFBC}") = "Domain", "Domain\Domain.csproj", "{5A4344EB-4284-493B-8732-47E67A2F946B}"
EndProject
Project("{FAE04EC0-301F-11D3-BF4B-00C04F79EFBC}") = "Application", "Application\Application.csproj", "{22141020-B4EC-4ADF-9744-52B0757A7500}"
	ProjectSection(ProjectDependencies) = postProject
		{5A4344EB-4284-493B-8732-47E67A2F946B} = {5A4344EB-4284-493B-8732-47E67A2F946B}
	EndProjectSection
EndProject
Project("{FAE04EC0-301F-11D3-BF4B-00C04F79EFBC}") = "Infrastructure", "Infrastructure\Infrastructure.csproj", "{26D0806A-31F2-4FA7-ACE1-CFB773BB0E04}"
	ProjectSection(ProjectDependencies) = postProject
		{22141020-B4EC-4ADF-9744-52B0757A7500} = {22141020-B4EC-4ADF-9744-52B0757A7500}
		{5A4344EB-4284-493B-8732-47E67A2F946B} = {5A4344EB-4284-493B-8732-47E67A2F946B}
	EndProjectSection
EndProject
Global
	GlobalSection(SolutionConfigurationPlatforms) = preSolution
		Debug|Any CPU = Debug|Any CPU
		Release|Any CPU = Release|Any CPU
	EndGlobalSection
	GlobalSection(ProjectConfigurationPlatforms) = postSolution
		{1AF0E0D7-64DF-439F-A166-2F15BADAC480}.Debug|Any CPU.ActiveCfg = Debug|Any CPU
		{1AF0E0D7-64DF-439F-A166-2F15BADAC480}.Debug|Any CPU.Build.0 = Debug|Any CPU
		{1AF0E0D7-64DF-439F-A166-2F15BADAC480}.Release|Any CPU.ActiveCfg = Release|Any CPU
		{1AF0E0D7-64DF-439F-A166-2F15BADAC480}.Release|Any CPU.Build.0 = Release|Any CPU
		{5A4344EB-4284-493B-8732-47E67A2F946B}.Debug|Any CPU.ActiveCfg = Debug|Any CPU
		{5A4344EB-4284-493B-8732-47E67A2F946B}.Debug|Any CPU.Build.0 = Debug|Any CPU
		{5A4344EB-4284-493B-8732-47E67A2F946B}.Release|Any CPU.ActiveCfg = Release|Any CPU
		{5A4344EB-4284-493B-8732-47E67A2F946B}.Release|Any CPU.Build.0 = Release|Any CPU
		{22141020-B4EC-4ADF-9744-52B0757A7500}.Debug|Any CPU.ActiveCfg = Debug|Any CPU
		{22141020-B4EC-4ADF-9744-52B0757A7500}.Debug|Any CPU.Build.0 = Debug|Any CPU
		{22141020-B4EC-4ADF-9744-52B0757A7500}.Release|Any CPU.ActiveCfg = Release|Any CPU
		{22141020-B4EC-4ADF-9744-52B0757A7500}.Release|Any CPU.Build.0 = Release|Any CPU
		{26D0806A-31F2-4FA7-ACE1-CFB773BB0E04}.Debug|Any CPU.ActiveCfg = Debug|Any CPU
		{26D0806A-31F2-4FA7-ACE1-CFB773BB0E04}.Debug|Any CPU.Build.0 = Debug|Any CPU
		{26D0806A-31F2-4FA7-ACE1-CFB773BB0E04}.Release|Any CPU.ActiveCfg = Release|Any CPU
		{26D0806A-31F2-4FA7-ACE1-CFB773BB0E04}.Release|Any CPU.Build.0 = Release|Any CPU
	EndGlobalSection
	GlobalSection(SolutionProperties) = preSolution
		HideSolutionNode = FALSE
	EndGlobalSection
	GlobalSection(NestedProjects) = preSolution
		{1AF0E0D7-64DF-439F-A166-2F15BADAC480} = {6912CC8C-2EAB-468E-B232-237F168713CD}
		{5A4344EB-4284-493B-8732-47E67A2F946B} = {BBFD2B9D-5F1F-47FA-8CEA-C1829F9AB786}
		{22141020-B4EC-4ADF-9744-52B0757A7500} = {C7693630-DD5F-420F-B4FB-DFF67C728F2E}
		{26D0806A-31F2-4FA7-ACE1-CFB773BB0E04} = {D87E8A62-3258-4ECC-AD00-1739FDF3D390}
	EndGlobalSection
	GlobalSection(ExtensibilityGlobals) = postSolution
		SolutionGuid = {D9865C8A-9D07-43AE-948D-A7AC3B25DD9F}
	EndGlobalSection
EndGlobal
